
Microsoft Visual Studio Solution File, Format Version 12.00
# Visual Studio Version 17
VisualStudioVersion = 17.6.33829.357
MinimumVisualStudioVersion = 10.0.40219.1
Project("{FAE04EC0-301F-11D3-BF4B-00C04F79EFBC}") = "Task3", "Task3\Task3.csproj", "{D783FBF8-8792-4FB2-9D17-1D0471FFB8E8}"
EndProject
Global
	GlobalSection(SolutionConfigurationPlatforms) = preSolution
		Debug|Any CPU = Debug|Any CPU
		Release|Any CPU = Release|Any CPU
	EndGlobalSection
	GlobalSection(ProjectConfigurationPlatforms) = postSolution
		{D783FBF8-8792-4FB2-9D17-1D0471FFB8E8}.Debug|Any CPU.ActiveCfg = Debug|Any CPU
		{D783FBF8-8792-4FB2-9D17-1D0471FFB8E8}.Debug|Any CPU.Build.0 = Debug|Any CPU
		{D783FBF8-8792-4FB2-9D17-1D0471FFB8E8}.Release|Any CPU.ActiveCfg = Release|Any CPU
		{D783FBF8-8792-4FB2-9D17-1D0471FFB8E8}.Release|Any CPU.Build.0 = Release|Any CPU
	EndGlobalSection
	GlobalSection(SolutionProperties) = preSolution
		HideSolutionNode = FALSE
	EndGlobalSection
	GlobalSection(ExtensibilityGlobals) = postSolution
		SolutionGuid = {7E4B090F-AB6D-426F-AF99-D983F5581B41}
	EndGlobalSection
EndGlobal
